// !$*UTF8*$!
{
	archiveVersion = 1;
	classes = {
	};
	objectVersion = 51;
	objects = {

/* Begin PBXBuildFile section */
		66204A0CC5DD5C8A5BDE37CA /* Pods_RxSwiftPlayground.framework in Frameworks */ = {isa = PBXBuildFile; fileRef = A0286121F322DC3D2889196D /* Pods_RxSwiftPlayground.framework */; };
		AA3E841C25B4CB3000C90C69 /* AppDelegate.swift in Sources */ = {isa = PBXBuildFile; fileRef = AA3E841B25B4CB3000C90C69 /* AppDelegate.swift */; };
		AA3E841E25B4CB3000C90C69 /* SceneDelegate.swift in Sources */ = {isa = PBXBuildFile; fileRef = AA3E841D25B4CB3000C90C69 /* SceneDelegate.swift */; };
		AA3E842025B4CB3000C90C69 /* ViewController.swift in Sources */ = {isa = PBXBuildFile; fileRef = AA3E841F25B4CB3000C90C69 /* ViewController.swift */; };
		AA3E842325B4CB3000C90C69 /* Main.storyboard in Resources */ = {isa = PBXBuildFile; fileRef = AA3E842125B4CB3000C90C69 /* Main.storyboard */; };
		AA3E842525B4CB3100C90C69 /* Assets.xcassets in Resources */ = {isa = PBXBuildFile; fileRef = AA3E842425B4CB3100C90C69 /* Assets.xcassets */; };
		AA3E842825B4CB3100C90C69 /* LaunchScreen.storyboard in Resources */ = {isa = PBXBuildFile; fileRef = AA3E842625B4CB3100C90C69 /* LaunchScreen.storyboard */; };
		AA3E84E425BDE53D00C90C69 /* StockCell.swift in Sources */ = {isa = PBXBuildFile; fileRef = AA3E84E325BDE53D00C90C69 /* StockCell.swift */; };
/* End PBXBuildFile section */

/* Begin PBXFileReference section */
		1D351984ACD1C7B77A894215 /* Pods-RxSwiftPlayground.release.xcconfig */ = {isa = PBXFileReference; includeInIndex = 1; lastKnownFileType = text.xcconfig; name = "Pods-RxSwiftPlayground.release.xcconfig"; path = "Target Support Files/Pods-RxSwiftPlayground/Pods-RxSwiftPlayground.release.xcconfig"; sourceTree = "<group>"; };
		7F48A134498E194116FC8D7F /* Pods-RxSwiftPlayground.debug.xcconfig */ = {isa = PBXFileReference; includeInIndex = 1; lastKnownFileType = text.xcconfig; name = "Pods-RxSwiftPlayground.debug.xcconfig"; path = "Target Support Files/Pods-RxSwiftPlayground/Pods-RxSwiftPlayground.debug.xcconfig"; sourceTree = "<group>"; };
		A0286121F322DC3D2889196D /* Pods_RxSwiftPlayground.framework */ = {isa = PBXFileReference; explicitFileType = wrapper.framework; includeInIndex = 0; path = Pods_RxSwiftPlayground.framework; sourceTree = BUILT_PRODUCTS_DIR; };
		AA3E841825B4CB3000C90C69 /* RxSwiftPlayground.app */ = {isa = PBXFileReference; explicitFileType = wrapper.application; includeInIndex = 0; path = RxSwiftPlayground.app; sourceTree = BUILT_PRODUCTS_DIR; };
		AA3E841B25B4CB3000C90C69 /* AppDelegate.swift */ = {isa = PBXFileReference; lastKnownFileType = sourcecode.swift; path = AppDelegate.swift; sourceTree = "<group>"; };
		AA3E841D25B4CB3000C90C69 /* SceneDelegate.swift */ = {isa = PBXFileReference; lastKnownFileType = sourcecode.swift; path = SceneDelegate.swift; sourceTree = "<group>"; };
		AA3E841F25B4CB3000C90C69 /* ViewController.swift */ = {isa = PBXFileReference; lastKnownFileType = sourcecode.swift; path = ViewController.swift; sourceTree = "<group>"; };
		AA3E842225B4CB3000C90C69 /* Base */ = {isa = PBXFileReference; lastKnownFileType = file.storyboard; name = Base; path = Base.lproj/Main.storyboard; sourceTree = "<group>"; };
		AA3E842425B4CB3100C90C69 /* Assets.xcassets */ = {isa = PBXFileReference; lastKnownFileType = folder.assetcatalog; path = Assets.xcassets; sourceTree = "<group>"; };
		AA3E842725B4CB3100C90C69 /* Base */ = {isa = PBXFileReference; lastKnownFileType = file.storyboard; name = Base; path = Base.lproj/LaunchScreen.storyboard; sourceTree = "<group>"; };
		AA3E842925B4CB3100C90C69 /* Info.plist */ = {isa = PBXFileReference; lastKnownFileType = text.plist.xml; path = Info.plist; sourceTree = "<group>"; };
		AA3E843525B4CC5000C90C69 /* RxSwiftPG.playground */ = {isa = PBXFileReference; lastKnownFileType = file.playground; path = RxSwiftPG.playground; sourceTree = "<group>"; xcLanguageSpecificationIdentifier = xcode.lang.swift; };
		AA3E84E325BDE53D00C90C69 /* StockCell.swift */ = {isa = PBXFileReference; lastKnownFileType = sourcecode.swift; path = StockCell.swift; sourceTree = "<group>"; };
/* End PBXFileReference section */

/* Begin PBXFrameworksBuildPhase section */
		AA3E841525B4CB3000C90C69 /* Frameworks */ = {
			isa = PBXFrameworksBuildPhase;
			buildActionMask = 2147483647;
			files = (
				66204A0CC5DD5C8A5BDE37CA /* Pods_RxSwiftPlayground.framework in Frameworks */,
			);
			runOnlyForDeploymentPostprocessing = 0;
		};
/* End PBXFrameworksBuildPhase section */

/* Begin PBXGroup section */
		6489C7D16147B9550080DD5C /* Frameworks */ = {
			isa = PBXGroup;
			children = (
				A0286121F322DC3D2889196D /* Pods_RxSwiftPlayground.framework */,
			);
			name = Frameworks;
			sourceTree = "<group>";
		};
		AA3E840F25B4CB3000C90C69 = {
			isa = PBXGroup;
			children = (
				AA3E843525B4CC5000C90C69 /* RxSwiftPG.playground */,
				AA3E841A25B4CB3000C90C69 /* RxSwiftPlayground */,
				AA3E841925B4CB3000C90C69 /* Products */,
				E4A382D426FA5ABABE5030C7 /* Pods */,
				6489C7D16147B9550080DD5C /* Frameworks */,
			);
			sourceTree = "<group>";
		};
		AA3E841925B4CB3000C90C69 /* Products */ = {
			isa = PBXGroup;
			children = (
				AA3E841825B4CB3000C90C69 /* RxSwiftPlayground.app */,
			);
			name = Products;
			sourceTree = "<group>";
		};
		AA3E841A25B4CB3000C90C69 /* RxSwiftPlayground */ = {
			isa = PBXGroup;
			children = (
				AA3E841B25B4CB3000C90C69 /* AppDelegate.swift */,
				AA3E841D25B4CB3000C90C69 /* SceneDelegate.swift */,
				AA3E841F25B4CB3000C90C69 /* ViewController.swift */,
				AA3E84E325BDE53D00C90C69 /* StockCell.swift */,
				AA3E842125B4CB3000C90C69 /* Main.storyboard */,
				AA3E842425B4CB3100C90C69 /* Assets.xcassets */,
				AA3E842625B4CB3100C90C69 /* LaunchScreen.storyboard */,
				AA3E842925B4CB3100C90C69 /* Info.plist */,
			);
			path = RxSwiftPlayground;
			sourceTree = "<group>";
		};
		E4A382D426FA5ABABE5030C7 /* Pods */ = {
			isa = PBXGroup;
			children = (
				7F48A134498E194116FC8D7F /* Pods-RxSwiftPlayground.debug.xcconfig */,
				1D351984ACD1C7B77A894215 /* Pods-RxSwiftPlayground.release.xcconfig */,
			);
			path = Pods;
			sourceTree = "<group>";
		};
/* End PBXGroup section */

/* Begin PBXNativeTarget section */
		AA3E841725B4CB3000C90C69 /* RxSwiftPlayground */ = {
			isa = PBXNativeTarget;
			buildConfigurationList = AA3E842C25B4CB3100C90C69 /* Build configuration list for PBXNativeTarget "RxSwiftPlayground" */;
			buildPhases = (
				02D624D59966C3331AD82B97 /* [CP] Check Pods Manifest.lock */,
				AA3E841425B4CB3000C90C69 /* Sources */,
				AA3E841525B4CB3000C90C69 /* Frameworks */,
				AA3E841625B4CB3000C90C69 /* Resources */,
				A81CDADFD9221553D08E7A4B /* [CP] Embed Pods Frameworks */,
			);
			buildRules = (
			);
			dependencies = (
			);
			name = RxSwiftPlayground;
			productName = RxSwiftPlayground;
			productReference = AA3E841825B4CB3000C90C69 /* RxSwiftPlayground.app */;
			productType = "com.apple.product-type.application";
		};
/* End PBXNativeTarget section */

/* Begin PBXProject section */
		AA3E841025B4CB3000C90C69 /* Project object */ = {
			isa = PBXProject;
			attributes = {
				LastSwiftUpdateCheck = 1200;
				LastUpgradeCheck = 1200;
				TargetAttributes = {
					AA3E841725B4CB3000C90C69 = {
						CreatedOnToolsVersion = 12.0;
					};
				};
			};
			buildConfigurationList = AA3E841325B4CB3000C90C69 /* Build configuration list for PBXProject "RxSwiftPlayground" */;
			compatibilityVersion = "Xcode 9.3";
			developmentRegion = en;
			hasScannedForEncodings = 0;
			knownRegions = (
				en,
				Base,
			);
			mainGroup = AA3E840F25B4CB3000C90C69;
			productRefGroup = AA3E841925B4CB3000C90C69 /* Products */;
			projectDirPath = "";
			projectRoot = "";
			targets = (
				AA3E841725B4CB3000C90C69 /* RxSwiftPlayground */,
			);
		};
/* End PBXProject section */

/* Begin PBXResourcesBuildPhase section */
		AA3E841625B4CB3000C90C69 /* Resources */ = {
			isa = PBXResourcesBuildPhase;
			buildActionMask = 2147483647;
			files = (
				AA3E842825B4CB3100C90C69 /* LaunchScreen.storyboard in Resources */,
				AA3E842525B4CB3100C90C69 /* Assets.xcassets in Resources */,
				AA3E842325B4CB3000C90C69 /* Main.storyboard in Resources */,
			);
			runOnlyForDeploymentPostprocessing = 0;
		};
/* End PBXResourcesBuildPhase section */

/* Begin PBXShellScriptBuildPhase section */
		02D624D59966C3331AD82B97 /* [CP] Check Pods Manifest.lock */ = {
			isa = PBXShellScriptBuildPhase;
			buildActionMask = 2147483647;
			files = (
			);
			inputFileListPaths = (
			);
			inputPaths = (
				"${PODS_PODFILE_DIR_PATH}/Podfile.lock",
				"${PODS_ROOT}/Manifest.lock",
			);
			name = "[CP] Check Pods Manifest.lock";
			outputFileListPaths = (
			);
			outputPaths = (
				"$(DERIVED_FILE_DIR)/Pods-RxSwiftPlayground-checkManifestLockResult.txt",
			);
			runOnlyForDeploymentPostprocessing = 0;
			shellPath = /bin/sh;
			shellScript = "diff \"${PODS_PODFILE_DIR_PATH}/Podfile.lock\" \"${PODS_ROOT}/Manifest.lock\" > /dev/null\nif [ $? != 0 ] ; then\n    # print error to STDERR\n    echo \"error: The sandbox is not in sync with the Podfile.lock. Run 'pod install' or update your CocoaPods installation.\" >&2\n    exit 1\nfi\n# This output is used by Xcode 'outputs' to avoid re-running this script phase.\necho \"SUCCESS\" > \"${SCRIPT_OUTPUT_FILE_0}\"\n";
			showEnvVarsInLog = 0;
		};
		A81CDADFD9221553D08E7A4B /* [CP] Embed Pods Frameworks */ = {
			isa = PBXShellScriptBuildPhase;
			buildActionMask = 2147483647;
			files = (
			);
			inputFileListPaths = (
				"${PODS_ROOT}/Target Support Files/Pods-RxSwiftPlayground/Pods-RxSwiftPlayground-frameworks-${CONFIGURATION}-input-files.xcfilelist",
			);
			name = "[CP] Embed Pods Frameworks";
			outputFileListPaths = (
				"${PODS_ROOT}/Target Support Files/Pods-RxSwiftPlayground/Pods-RxSwiftPlayground-frameworks-${CONFIGURATION}-output-files.xcfilelist",
			);
			runOnlyForDeploymentPostprocessing = 0;
			shellPath = /bin/sh;
			shellScript = "\"${PODS_ROOT}/Target Support Files/Pods-RxSwiftPlayground/Pods-RxSwiftPlayground-frameworks.sh\"\n";
			showEnvVarsInLog = 0;
		};
/* End PBXShellScriptBuildPhase section */

/* Begin PBXSourcesBuildPhase section */
		AA3E841425B4CB3000C90C69 /* Sources */ = {
			isa = PBXSourcesBuildPhase;
			buildActionMask = 2147483647;
			files = (
				AA3E842025B4CB3000C90C69 /* ViewController.swift in Sources */,
				AA3E841C25B4CB3000C90C69 /* AppDelegate.swift in Sources */,
				AA3E84E425BDE53D00C90C69 /* StockCell.swift in Sources */,
				AA3E841E25B4CB3000C90C69 /* SceneDelegate.swift in Sources */,
			);
			runOnlyForDeploymentPostprocessing = 0;
		};
/* End PBXSourcesBuildPhase section */

/* Begin PBXVariantGroup section */
		AA3E842125B4CB3000C90C69 /* Main.storyboard */ = {
			isa = PBXVariantGroup;
			children = (
				AA3E842225B4CB3000C90C69 /* Base */,
			);
			name = Main.storyboard;
			sourceTree = "<group>";
		};
		AA3E842625B4CB3100C90C69 /* LaunchScreen.storyboard */ = {
			isa = PBXVariantGroup;
			children = (
				AA3E842725B4CB3100C90C69 /* Base */,
			);
			name = LaunchScreen.storyboard;
			sourceTree = "<group>";
		};
/* End PBXVariantGroup section */

/* Begin XCBuildConfiguration section */
		AA3E842A25B4CB3100C90C69 /* Debug */ = {
			isa = XCBuildConfiguration;
			buildSettings = {
				ALWAYS_SEARCH_USER_PATHS = NO;
				CLANG_ANALYZER_NONNULL = YES;
				CLANG_ANALYZER_NUMBER_OBJECT_CONVERSION = YES_AGGRESSIVE;
				CLANG_CXX_LANGUAGE_STANDARD = "gnu++14";
				CLANG_CXX_LIBRARY = "libc++";
				CLANG_ENABLE_MODULES = YES;
				CLANG_ENABLE_OBJC_ARC = YES;
				CLANG_ENABLE_OBJC_WEAK = YES;
				CLANG_WARN_BLOCK_CAPTURE_AUTORELEASING = YES;
				CLANG_WARN_BOOL_CONVERSION = YES;
				CLANG_WARN_COMMA = YES;
				CLANG_WARN_CONSTANT_CONVERSION = YES;
				CLANG_WARN_DEPRECATED_OBJC_IMPLEMENTATIONS = YES;
				CLANG_WARN_DIRECT_OBJC_ISA_USAGE = YES_ERROR;
				CLANG_WARN_DOCUMENTATION_COMMENTS = YES;
				CLANG_WARN_EMPTY_BODY = YES;
				CLANG_WARN_ENUM_CONVERSION = YES;
				CLANG_WARN_INFINITE_RECURSION = YES;
				CLANG_WARN_INT_CONVERSION = YES;
				CLANG_WARN_NON_LITERAL_NULL_CONVERSION = YES;
				CLANG_WARN_OBJC_IMPLICIT_RETAIN_SELF = YES;
				CLANG_WARN_OBJC_LITERAL_CONVERSION = YES;
				CLANG_WARN_OBJC_ROOT_CLASS = YES_ERROR;
				CLANG_WARN_QUOTED_INCLUDE_IN_FRAMEWORK_HEADER = YES;
				CLANG_WARN_RANGE_LOOP_ANALYSIS = YES;
				CLANG_WARN_STRICT_PROTOTYPES = YES;
				CLANG_WARN_SUSPICIOUS_MOVE = YES;
				CLANG_WARN_UNGUARDED_AVAILABILITY = YES_AGGRESSIVE;
				CLANG_WARN_UNREACHABLE_CODE = YES;
				CLANG_WARN__DUPLICATE_METHOD_MATCH = YES;
				COPY_PHASE_STRIP = NO;
				DEBUG_INFORMATION_FORMAT = dwarf;
				ENABLE_STRICT_OBJC_MSGSEND = YES;
				ENABLE_TESTABILITY = YES;
				GCC_C_LANGUAGE_STANDARD = gnu11;
				GCC_DYNAMIC_NO_PIC = NO;
				GCC_NO_COMMON_BLOCKS = YES;
				GCC_OPTIMIZATION_LEVEL = 0;
				GCC_PREPROCESSOR_DEFINITIONS = (
					"DEBUG=1",
					"$(inherited)",
				);
				GCC_WARN_64_TO_32_BIT_CONVERSION = YES;
				GCC_WARN_ABOUT_RETURN_TYPE = YES_ERROR;
				GCC_WARN_UNDECLARED_SELECTOR = YES;
				GCC_WARN_UNINITIALIZED_AUTOS = YES_AGGRESSIVE;
				GCC_WARN_UNUSED_FUNCTION = YES;
				GCC_WARN_UNUSED_VARIABLE = YES;
				IPHONEOS_DEPLOYMENT_TARGET = 13.0;
				MTL_ENABLE_DEBUG_INFO = INCLUDE_SOURCE;
				MTL_FAST_MATH = YES;
				ONLY_ACTIVE_ARCH = YES;
				SDKROOT = iphoneos;
				SWIFT_ACTIVE_COMPILATION_CONDITIONS = DEBUG;
				SWIFT_OPTIMIZATION_LEVEL = "-Onone";
			};
			name = Debug;
		};
		AA3E842B25B4CB3100C90C69 /* Release */ = {
			isa = XCBuildConfiguration;
			buildSettings = {
				ALWAYS_SEARCH_USER_PATHS = NO;
				CLANG_ANALYZER_NONNULL = YES;
				CLANG_ANALYZER_NUMBER_OBJECT_CONVERSION = YES_AGGRESSIVE;
				CLANG_CXX_LANGUAGE_STANDARD = "gnu++14";
				CLANG_CXX_LIBRARY = "libc++";
				CLANG_ENABLE_MODULES = YES;
				CLANG_ENABLE_OBJC_ARC = YES;
				CLANG_ENABLE_OBJC_WEAK = YES;
				CLANG_WARN_BLOCK_CAPTURE_AUTORELEASING = YES;
				CLANG_WARN_BOOL_CONVERSION = YES;
				CLANG_WARN_COMMA = YES;
				CLANG_WARN_CONSTANT_CONVERSION = YES;
				CLANG_WARN_DEPRECATED_OBJC_IMPLEMENTATIONS = YES;
				CLANG_WARN_DIRECT_OBJC_ISA_USAGE = YES_ERROR;
				CLANG_WARN_DOCUMENTATION_COMMENTS = YES;
				CLANG_WARN_EMPTY_BODY = YES;
				CLANG_WARN_ENUM_CONVERSION = YES;
				CLANG_WARN_INFINITE_RECURSION = YES;
				CLANG_WARN_INT_CONVERSION = YES;
				CLANG_WARN_NON_LITERAL_NULL_CONVERSION = YES;
				CLANG_WARN_OBJC_IMPLICIT_RETAIN_SELF = YES;
				CLANG_WARN_OBJC_LITERAL_CONVERSION = YES;
				CLANG_WARN_OBJC_ROOT_CLASS = YES_ERROR;
				CLANG_WARN_QUOTED_INCLUDE_IN_FRAMEWORK_HEADER = YES;
				CLANG_WARN_RANGE_LOOP_ANALYSIS = YES;
				CLANG_WARN_STRICT_PROTOTYPES = YES;
				CLANG_WARN_SUSPICIOUS_MOVE = YES;
				CLANG_WARN_UNGUARDED_AVAILABILITY = YES_AGGRESSIVE;
				CLANG_WARN_UNREACHABLE_CODE = YES;
				CLANG_WARN__DUPLICATE_METHOD_MATCH = YES;
				COPY_PHASE_STRIP = NO;
				DEBUG_INFORMATION_FORMAT = "dwarf-with-dsym";
				ENABLE_NS_ASSERTIONS = NO;
				ENABLE_STRICT_OBJC_MSGSEND = YES;
				GCC_C_LANGUAGE_STANDARD = gnu11;
				GCC_NO_COMMON_BLOCKS = YES;
				GCC_WARN_64_TO_32_BIT_CONVERSION = YES;
				GCC_WARN_ABOUT_RETURN_TYPE = YES_ERROR;
				GCC_WARN_UNDECLARED_SELECTOR = YES;
				GCC_WARN_UNINITIALIZED_AUTOS = YES_AGGRESSIVE;
				GCC_WARN_UNUSED_FUNCTION = YES;
				GCC_WARN_UNUSED_VARIABLE = YES;
				IPHONEOS_DEPLOYMENT_TARGET = 13.0;
				MTL_ENABLE_DEBUG_INFO = NO;
				MTL_FAST_MATH = YES;
				SDKROOT = iphoneos;
				SWIFT_COMPILATION_MODE = wholemodule;
				SWIFT_OPTIMIZATION_LEVEL = "-O";
				VALIDATE_PRODUCT = YES;
			};
			name = Release;
		};
		AA3E842D25B4CB3100C90C69 /* Debug */ = {
			isa = XCBuildConfiguration;
			baseConfigurationReference = 7F48A134498E194116FC8D7F /* Pods-RxSwiftPlayground.debug.xcconfig */;
			buildSettings = {
				ASSETCATALOG_COMPILER_APPICON_NAME = AppIcon;
				ASSETCATALOG_COMPILER_GLOBAL_ACCENT_COLOR_NAME = AccentColor;
				CODE_SIGN_STYLE = Automatic;
				DEVELOPMENT_TEAM = 25258ALHUD;
				INFOPLIST_FILE = RxSwiftPlayground/Info.plist;
				LD_RUNPATH_SEARCH_PATHS = (
					"$(inherited)",
					"@executable_path/Frameworks",
				);
				PRODUCT_BUNDLE_IDENTIFIER = com.tcode.RxSwiftPlayground;
				PRODUCT_NAME = "$(TARGET_NAME)";
				SWIFT_VERSION = 5.0;
				TARGETED_DEVICE_FAMILY = "1,2";
			};
			name = Debug;
		};
		AA3E842E25B4CB3100C90C69 /* Release */ = {
			isa = XCBuildConfiguration;
			baseConfigurationReference = 1D351984ACD1C7B77A894215 /* Pods-RxSwiftPlayground.release.xcconfig */;
			buildSettings = {
				ASSETCATALOG_COMPILER_APPICON_NAME = AppIcon;
				ASSETCATALOG_COMPILER_GLOBAL_ACCENT_COLOR_NAME = AccentColor;
				CODE_SIGN_STYLE = Automatic;
				DEVELOPMENT_TEAM = 25258ALHUD;
				INFOPLIST_FILE = RxSwiftPlayground/Info.plist;
				LD_RUNPATH_SEARCH_PATHS = (
					"$(inherited)",
					"@executable_path/Frameworks",
				);
				PRODUCT_BUNDLE_IDENTIFIER = com.tcode.RxSwiftPlayground;
				PRODUCT_NAME = "$(TARGET_NAME)";
				SWIFT_VERSION = 5.0;
				TARGETED_DEVICE_FAMILY = "1,2";
			};
			name = Release;
		};
/* End XCBuildConfiguration section */

/* Begin XCConfigurationList section */
		AA3E841325B4CB3000C90C69 /* Build configuration list for PBXProject "RxSwiftPlayground" */ = {
			isa = XCConfigurationList;
			buildConfigurations = (
				AA3E842A25B4CB3100C90C69 /* Debug */,
				AA3E842B25B4CB3100C90C69 /* Release */,
			);
			defaultConfigurationIsVisible = 0;
			defaultConfigurationName = Release;
		};
		AA3E842C25B4CB3100C90C69 /* Build configuration list for PBXNativeTarget "RxSwiftPlayground" */ = {
			isa = XCConfigurationList;
			buildConfigurations = (
				AA3E842D25B4CB3100C90C69 /* Debug */,
				AA3E842E25B4CB3100C90C69 /* Release */,
			);
			defaultConfigurationIsVisible = 0;
			defaultConfigurationName = Release;
		};
/* End XCConfigurationList section */
	};
	rootObject = AA3E841025B4CB3000C90C69 /* Project object */;
}
